
Microsoft Visual Studio Solution File, Format Version 12.00
# Visual Studio Version 17
VisualStudioVersion = 17.12.35506.116
MinimumVisualStudioVersion = 10.0.40219.1
Project("{FAE04EC0-301F-11D3-BF4B-00C04F79EFBC}") = "Project part A", "Project part A\Project part A.csproj", "{B2E9AE06-7044-42A1-9F4C-E2B115FDA508}"
EndProject
Project("{FAE04EC0-301F-11D3-BF4B-00C04F79EFBC}") = "Tests1", "Tests1\Tests1.csproj", "{C05DD4B9-FADE-44A9-A285-E661B8CB1E17}"
EndProject
Global
	GlobalSection(SolutionConfigurationPlatforms) = preSolution
		Debug|Any CPU = Debug|Any CPU
		Release|Any CPU = Release|Any CPU
	EndGlobalSection
	GlobalSection(ProjectConfigurationPlatforms) = postSolution
		{B2E9AE06-7044-42A1-9F4C-E2B115FDA508}.Debug|Any CPU.ActiveCfg = Debug|Any CPU
		{B2E9AE06-7044-42A1-9F4C-E2B115FDA508}.Debug|Any CPU.Build.0 = Debug|Any CPU
		{B2E9AE06-7044-42A1-9F4C-E2B115FDA508}.Release|Any CPU.ActiveCfg = Release|Any CPU
		{B2E9AE06-7044-42A1-9F4C-E2B115FDA508}.Release|Any CPU.Build.0 = Release|Any CPU
		{C05DD4B9-FADE-44A9-A285-E661B8CB1E17}.Debug|Any CPU.ActiveCfg = Debug|Any CPU
		{C05DD4B9-FADE-44A9-A285-E661B8CB1E17}.Debug|Any CPU.Build.0 = Debug|Any CPU
		{C05DD4B9-FADE-44A9-A285-E661B8CB1E17}.Release|Any CPU.ActiveCfg = Release|Any CPU
		{C05DD4B9-FADE-44A9-A285-E661B8CB1E17}.Release|Any CPU.Build.0 = Release|Any CPU
	EndGlobalSection
	GlobalSection(SolutionProperties) = preSolution
		HideSolutionNode = FALSE
	EndGlobalSection
EndGlobal
